
Microsoft Visual Studio Solution File, Format Version 12.00
# Visual Studio 14
VisualStudioVersion = 14.0.25420.1
MinimumVisualStudioVersion = 10.0.40219.1
Project("{FAE04EC0-301F-11D3-BF4B-00C04F79EFBC}") = "Roton", "Roton\Roton.csproj", "{A93864EF-3C61-4654-8598-BC49D822187C}"
EndProject
Project("{FAE04EC0-301F-11D3-BF4B-00C04F79EFBC}") = "Lyon", "Lyon\Lyon.csproj", "{39AC7CC9-5A64-441E-BFF8-5BB501957FC6}"
EndProject
Project("{FAE04EC0-301F-11D3-BF4B-00C04F79EFBC}") = "Roton.Interface", "Roton.Interface\Roton.Interface.csproj", "{7BF0D5A0-A20D-4CD3-9674-CBE6F2F92DDD}"
EndProject
Project("{FAE04EC0-301F-11D3-BF4B-00C04F79EFBC}") = "Roton.Test", "Roton.Test\Roton.Test.csproj", "{F87DC9C8-B22C-4A29-AB64-D529828950DE}"
EndProject
Global
	GlobalSection(SolutionConfigurationPlatforms) = preSolution
		Debug|Any CPU = Debug|Any CPU
		Release|Any CPU = Release|Any CPU
	EndGlobalSection
	GlobalSection(ProjectConfigurationPlatforms) = postSolution
		{A93864EF-3C61-4654-8598-BC49D822187C}.Debug|Any CPU.ActiveCfg = Debug|Any CPU
		{A93864EF-3C61-4654-8598-BC49D822187C}.Debug|Any CPU.Build.0 = Debug|Any CPU
		{A93864EF-3C61-4654-8598-BC49D822187C}.Release|Any CPU.ActiveCfg = Release|Any CPU
		{A93864EF-3C61-4654-8598-BC49D822187C}.Release|Any CPU.Build.0 = Release|Any CPU
		{39AC7CC9-5A64-441E-BFF8-5BB501957FC6}.Debug|Any CPU.ActiveCfg = Debug|Any CPU
		{39AC7CC9-5A64-441E-BFF8-5BB501957FC6}.Debug|Any CPU.Build.0 = Debug|Any CPU
		{39AC7CC9-5A64-441E-BFF8-5BB501957FC6}.Release|Any CPU.ActiveCfg = Release|Any CPU
		{39AC7CC9-5A64-441E-BFF8-5BB501957FC6}.Release|Any CPU.Build.0 = Release|Any CPU
		{7BF0D5A0-A20D-4CD3-9674-CBE6F2F92DDD}.Debug|Any CPU.ActiveCfg = Debug|Any CPU
		{7BF0D5A0-A20D-4CD3-9674-CBE6F2F92DDD}.Debug|Any CPU.Build.0 = Debug|Any CPU
		{7BF0D5A0-A20D-4CD3-9674-CBE6F2F92DDD}.Release|Any CPU.ActiveCfg = Release|Any CPU
		{7BF0D5A0-A20D-4CD3-9674-CBE6F2F92DDD}.Release|Any CPU.Build.0 = Release|Any CPU
		{F87DC9C8-B22C-4A29-AB64-D529828950DE}.Debug|Any CPU.ActiveCfg = Debug|Any CPU
		{F87DC9C8-B22C-4A29-AB64-D529828950DE}.Debug|Any CPU.Build.0 = Debug|Any CPU
		{F87DC9C8-B22C-4A29-AB64-D529828950DE}.Release|Any CPU.ActiveCfg = Release|Any CPU
		{F87DC9C8-B22C-4A29-AB64-D529828950DE}.Release|Any CPU.Build.0 = Release|Any CPU
	EndGlobalSection
	GlobalSection(SolutionProperties) = preSolution
		HideSolutionNode = FALSE
	EndGlobalSection
EndGlobal
