
Microsoft Visual Studio Solution File, Format Version 12.00
# Visual Studio 2013
VisualStudioVersion = 12.0.21005.1
MinimumVisualStudioVersion = 10.0.40219.1
Project("{FAE04EC0-301F-11D3-BF4B-00C04F79EFBC}") = "Roton", "Roton\Roton.csproj", "{A93864EF-3C61-4654-8598-BC49D822187C}"
EndProject
Project("{FAE04EC0-301F-11D3-BF4B-00C04F79EFBC}") = "Roton.Windows", "Roton.Windows\Roton.Windows.csproj", "{7911261B-025E-4CA0-B82C-32BBA1426EE2}"
EndProject
Project("{FAE04EC0-301F-11D3-BF4B-00C04F79EFBC}") = "Torch", "Torch\Torch.csproj", "{FA475288-00BC-4414-879F-45EC0CB15E71}"
EndProject
Project("{FAE04EC0-301F-11D3-BF4B-00C04F79EFBC}") = "Lyon", "Lyon\Lyon.csproj", "{39AC7CC9-5A64-441E-BFF8-5BB501957FC6}"
EndProject
Project("{FAE04EC0-301F-11D3-BF4B-00C04F79EFBC}") = "Roton.OpenGL", "Roton.OpenGL\Roton.OpenGL.csproj", "{7BF0D5A0-A20D-4CD3-9674-CBE6F2F92DDD}"
EndProject
Project("{FAE04EC0-301F-11D3-BF4B-00C04F79EFBC}") = "Roton.Common", "Roton.Common\Roton.Common.csproj", "{AF3DE1E8-0883-4429-9E23-182A95693C18}"
EndProject
Global
	GlobalSection(SolutionConfigurationPlatforms) = preSolution
		Debug|Any CPU = Debug|Any CPU
		Release|Any CPU = Release|Any CPU
	EndGlobalSection
	GlobalSection(ProjectConfigurationPlatforms) = postSolution
		{A93864EF-3C61-4654-8598-BC49D822187C}.Debug|Any CPU.ActiveCfg = Debug|Any CPU
		{A93864EF-3C61-4654-8598-BC49D822187C}.Debug|Any CPU.Build.0 = Debug|Any CPU
		{A93864EF-3C61-4654-8598-BC49D822187C}.Release|Any CPU.ActiveCfg = Release|Any CPU
		{A93864EF-3C61-4654-8598-BC49D822187C}.Release|Any CPU.Build.0 = Release|Any CPU
		{7911261B-025E-4CA0-B82C-32BBA1426EE2}.Debug|Any CPU.ActiveCfg = Debug|Any CPU
		{7911261B-025E-4CA0-B82C-32BBA1426EE2}.Debug|Any CPU.Build.0 = Debug|Any CPU
		{7911261B-025E-4CA0-B82C-32BBA1426EE2}.Release|Any CPU.ActiveCfg = Release|Any CPU
		{7911261B-025E-4CA0-B82C-32BBA1426EE2}.Release|Any CPU.Build.0 = Release|Any CPU
		{FA475288-00BC-4414-879F-45EC0CB15E71}.Debug|Any CPU.ActiveCfg = Debug|Any CPU
		{FA475288-00BC-4414-879F-45EC0CB15E71}.Debug|Any CPU.Build.0 = Debug|Any CPU
		{FA475288-00BC-4414-879F-45EC0CB15E71}.Release|Any CPU.ActiveCfg = Release|Any CPU
		{FA475288-00BC-4414-879F-45EC0CB15E71}.Release|Any CPU.Build.0 = Release|Any CPU
		{39AC7CC9-5A64-441E-BFF8-5BB501957FC6}.Debug|Any CPU.ActiveCfg = Debug|Any CPU
		{39AC7CC9-5A64-441E-BFF8-5BB501957FC6}.Debug|Any CPU.Build.0 = Debug|Any CPU
		{39AC7CC9-5A64-441E-BFF8-5BB501957FC6}.Release|Any CPU.ActiveCfg = Release|Any CPU
		{39AC7CC9-5A64-441E-BFF8-5BB501957FC6}.Release|Any CPU.Build.0 = Release|Any CPU
		{7BF0D5A0-A20D-4CD3-9674-CBE6F2F92DDD}.Debug|Any CPU.ActiveCfg = Debug|Any CPU
		{7BF0D5A0-A20D-4CD3-9674-CBE6F2F92DDD}.Debug|Any CPU.Build.0 = Debug|Any CPU
		{7BF0D5A0-A20D-4CD3-9674-CBE6F2F92DDD}.Release|Any CPU.ActiveCfg = Release|Any CPU
		{7BF0D5A0-A20D-4CD3-9674-CBE6F2F92DDD}.Release|Any CPU.Build.0 = Release|Any CPU
		{AF3DE1E8-0883-4429-9E23-182A95693C18}.Debug|Any CPU.ActiveCfg = Debug|Any CPU
		{AF3DE1E8-0883-4429-9E23-182A95693C18}.Debug|Any CPU.Build.0 = Debug|Any CPU
		{AF3DE1E8-0883-4429-9E23-182A95693C18}.Release|Any CPU.ActiveCfg = Release|Any CPU
		{AF3DE1E8-0883-4429-9E23-182A95693C18}.Release|Any CPU.Build.0 = Release|Any CPU
	EndGlobalSection
	GlobalSection(SolutionProperties) = preSolution
		HideSolutionNode = FALSE
	EndGlobalSection
EndGlobal
